
Microsoft Visual Studio Solution File, Format Version 12.00
# Visual Studio Version 17
VisualStudioVersion = 17.13.35919.96 d17.13
MinimumVisualStudioVersion = 10.0.40219.1
Project("{FAE04EC0-301F-11D3-BF4B-00C04F79EFBC}") = "project_m7", "project_m7\project_m7.csproj", "{F2723EDA-1A62-4523-807E-DCED7CC42BDA}"
EndProject
Global
	GlobalSection(SolutionConfigurationPlatforms) = preSolution
		Debug|Any CPU = Debug|Any CPU
		Release|Any CPU = Release|Any CPU
	EndGlobalSection
	GlobalSection(ProjectConfigurationPlatforms) = postSolution
		{F2723EDA-1A62-4523-807E-DCED7CC42BDA}.Debug|Any CPU.ActiveCfg = Debug|Any CPU
		{F2723EDA-1A62-4523-807E-DCED7CC42BDA}.Debug|Any CPU.Build.0 = Debug|Any CPU
		{F2723EDA-1A62-4523-807E-DCED7CC42BDA}.Release|Any CPU.ActiveCfg = Release|Any CPU
		{F2723EDA-1A62-4523-807E-DCED7CC42BDA}.Release|Any CPU.Build.0 = Release|Any CPU
	EndGlobalSection
	GlobalSection(SolutionProperties) = preSolution
		HideSolutionNode = FALSE
	EndGlobalSection
	GlobalSection(ExtensibilityGlobals) = postSolution
		SolutionGuid = {53639868-50B9-4110-B12C-456204105053}
	EndGlobalSection
EndGlobal
